
Microsoft Visual Studio Solution File, Format Version 12.00
# Visual Studio Version 16
VisualStudioVersion = 16.0.30204.135
MinimumVisualStudioVersion = 10.0.40219.1
Project("{FAE04EC0-301F-11D3-BF4B-00C04F79EFBC}") = "EShop.Core", "EShop.Core\EShop.Core.csproj", "{CDDF72D3-2C7A-47BB-A3EB-CF45C328061A}"
EndProject
Project("{FAE04EC0-301F-11D3-BF4B-00C04F79EFBC}") = "EShop.Services", "EShop.Services\EShop.Services.csproj", "{FD7A3AC6-7EAC-43A9-8817-0E7B12107A0C}"
EndProject
Project("{FAE04EC0-301F-11D3-BF4B-00C04F79EFBC}") = "EShop.DataAccess.SQL", "EShop.DataAccess.SQL\EShop.DataAccess.SQL.csproj", "{AA0B257E-DDBC-4DB9-9C2E-3688E6B0C40C}"
EndProject
Project("{FAE04EC0-301F-11D3-BF4B-00C04F79EFBC}") = "EShop.DataAccess.InMemory", "EShop.DataAccess.InMemory\EShop.DataAccess.InMemory.csproj", "{DB07DC66-27F0-459A-957C-86A27BDB8444}"
EndProject
Project("{FAE04EC0-301F-11D3-BF4B-00C04F79EFBC}") = "EShop.WebUI", "EShop.WebUI\EShop.WebUI.csproj", "{4333657D-4A3D-4562-B0E1-5991B76F6178}"
EndProject
Project("{FAE04EC0-301F-11D3-BF4B-00C04F79EFBC}") = "EShop.WebUI.Tests", "EShop.WebUI.Tests\EShop.WebUI.Tests.csproj", "{58E044D2-DCB0-47EC-A072-FC4971C7D6D6}"
EndProject
Global
	GlobalSection(SolutionConfigurationPlatforms) = preSolution
		Debug|Any CPU = Debug|Any CPU
		Release|Any CPU = Release|Any CPU
	EndGlobalSection
	GlobalSection(ProjectConfigurationPlatforms) = postSolution
		{CDDF72D3-2C7A-47BB-A3EB-CF45C328061A}.Debug|Any CPU.ActiveCfg = Debug|Any CPU
		{CDDF72D3-2C7A-47BB-A3EB-CF45C328061A}.Debug|Any CPU.Build.0 = Debug|Any CPU
		{CDDF72D3-2C7A-47BB-A3EB-CF45C328061A}.Release|Any CPU.ActiveCfg = Release|Any CPU
		{CDDF72D3-2C7A-47BB-A3EB-CF45C328061A}.Release|Any CPU.Build.0 = Release|Any CPU
		{FD7A3AC6-7EAC-43A9-8817-0E7B12107A0C}.Debug|Any CPU.ActiveCfg = Debug|Any CPU
		{FD7A3AC6-7EAC-43A9-8817-0E7B12107A0C}.Debug|Any CPU.Build.0 = Debug|Any CPU
		{FD7A3AC6-7EAC-43A9-8817-0E7B12107A0C}.Release|Any CPU.ActiveCfg = Release|Any CPU
		{FD7A3AC6-7EAC-43A9-8817-0E7B12107A0C}.Release|Any CPU.Build.0 = Release|Any CPU
		{AA0B257E-DDBC-4DB9-9C2E-3688E6B0C40C}.Debug|Any CPU.ActiveCfg = Debug|Any CPU
		{AA0B257E-DDBC-4DB9-9C2E-3688E6B0C40C}.Debug|Any CPU.Build.0 = Debug|Any CPU
		{AA0B257E-DDBC-4DB9-9C2E-3688E6B0C40C}.Release|Any CPU.ActiveCfg = Release|Any CPU
		{AA0B257E-DDBC-4DB9-9C2E-3688E6B0C40C}.Release|Any CPU.Build.0 = Release|Any CPU
		{DB07DC66-27F0-459A-957C-86A27BDB8444}.Debug|Any CPU.ActiveCfg = Debug|Any CPU
		{DB07DC66-27F0-459A-957C-86A27BDB8444}.Debug|Any CPU.Build.0 = Debug|Any CPU
		{DB07DC66-27F0-459A-957C-86A27BDB8444}.Release|Any CPU.ActiveCfg = Release|Any CPU
		{DB07DC66-27F0-459A-957C-86A27BDB8444}.Release|Any CPU.Build.0 = Release|Any CPU
		{4333657D-4A3D-4562-B0E1-5991B76F6178}.Debug|Any CPU.ActiveCfg = Debug|Any CPU
		{4333657D-4A3D-4562-B0E1-5991B76F6178}.Debug|Any CPU.Build.0 = Debug|Any CPU
		{4333657D-4A3D-4562-B0E1-5991B76F6178}.Release|Any CPU.ActiveCfg = Release|Any CPU
		{4333657D-4A3D-4562-B0E1-5991B76F6178}.Release|Any CPU.Build.0 = Release|Any CPU
		{58E044D2-DCB0-47EC-A072-FC4971C7D6D6}.Debug|Any CPU.ActiveCfg = Debug|Any CPU
		{58E044D2-DCB0-47EC-A072-FC4971C7D6D6}.Debug|Any CPU.Build.0 = Debug|Any CPU
		{58E044D2-DCB0-47EC-A072-FC4971C7D6D6}.Release|Any CPU.ActiveCfg = Release|Any CPU
		{58E044D2-DCB0-47EC-A072-FC4971C7D6D6}.Release|Any CPU.Build.0 = Release|Any CPU
	EndGlobalSection
	GlobalSection(SolutionProperties) = preSolution
		HideSolutionNode = FALSE
	EndGlobalSection
	GlobalSection(ExtensibilityGlobals) = postSolution
		SolutionGuid = {6DF321D8-EE1F-4E13-84AA-C6F678FFDE6D}
	EndGlobalSection
EndGlobal
